Microsoft Visual Studio Solution File, Format Version 12.00
# Visual Studio Version 17
VisualStudioVersion = 17.13.35731.43 d17.13
MinimumVisualStudioVersion = 10.0.40219.1
Project("{FAE04EC0-301F-11D3-BF4B-00C04F79EFBC}") = "products.AppHost", "products.AppHost\products.AppHost.csproj", "{D0AAFE62-A886-4B03-97A7-48DB6699A8F4}"
EndProject
Project("{FAE04EC0-301F-11D3-BF4B-00C04F79EFBC}") = "products.ServiceDefaults", "products.ServiceDefaults\products.ServiceDefaults.csproj", "{2CCC1CD8-3027-FE87-2DBA-2DE5D9DF39B0}"
EndProject
Project("{FAE04EC0-301F-11D3-BF4B-00C04F79EFBC}") = "products.ApiService", "products.ApiService\products.ApiService.csproj", "{9ECC3835-2C21-F2BC-B659-DA9EFA0A1793}"
EndProject
Project("{FAE04EC0-301F-11D3-BF4B-00C04F79EFBC}") = "products.Web", "products.Web\products.Web.csproj", "{B334C7A9-F471-F981-BC90-29F3BF3FCECE}"
EndProject
Global
	GlobalSection(SolutionConfigurationPlatforms) = preSolution
		Debug|Any CPU = Debug|Any CPU
		Release|Any CPU = Release|Any CPU
	EndGlobalSection
	GlobalSection(ProjectConfigurationPlatforms) = postSolution
		{D0AAFE62-A886-4B03-97A7-48DB6699A8F4}.Debug|Any CPU.ActiveCfg = Debug|Any CPU
		{D0AAFE62-A886-4B03-97A7-48DB6699A8F4}.Debug|Any CPU.Build.0 = Debug|Any CPU
		{D0AAFE62-A886-4B03-97A7-48DB6699A8F4}.Release|Any CPU.ActiveCfg = Release|Any CPU
		{D0AAFE62-A886-4B03-97A7-48DB6699A8F4}.Release|Any CPU.Build.0 = Release|Any CPU
		{2CCC1CD8-3027-FE87-2DBA-2DE5D9DF39B0}.Debug|Any CPU.ActiveCfg = Debug|Any CPU
		{2CCC1CD8-3027-FE87-2DBA-2DE5D9DF39B0}.Debug|Any CPU.Build.0 = Debug|Any CPU
		{2CCC1CD8-3027-FE87-2DBA-2DE5D9DF39B0}.Release|Any CPU.ActiveCfg = Release|Any CPU
		{2CCC1CD8-3027-FE87-2DBA-2DE5D9DF39B0}.Release|Any CPU.Build.0 = Release|Any CPU
		{9ECC3835-2C21-F2BC-B659-DA9EFA0A1793}.Debug|Any CPU.ActiveCfg = Debug|Any CPU
		{9ECC3835-2C21-F2BC-B659-DA9EFA0A1793}.Debug|Any CPU.Build.0 = Debug|Any CPU
		{9ECC3835-2C21-F2BC-B659-DA9EFA0A1793}.Release|Any CPU.ActiveCfg = Release|Any CPU
		{9ECC3835-2C21-F2BC-B659-DA9EFA0A1793}.Release|Any CPU.Build.0 = Release|Any CPU
		{B334C7A9-F471-F981-BC90-29F3BF3FCECE}.Debug|Any CPU.ActiveCfg = Debug|Any CPU
		{B334C7A9-F471-F981-BC90-29F3BF3FCECE}.Debug|Any CPU.Build.0 = Debug|Any CPU
		{B334C7A9-F471-F981-BC90-29F3BF3FCECE}.Release|Any CPU.ActiveCfg = Release|Any CPU
		{B334C7A9-F471-F981-BC90-29F3BF3FCECE}.Release|Any CPU.Build.0 = Release|Any CPU
	EndGlobalSection
	GlobalSection(SolutionProperties) = preSolution
		HideSolutionNode = FALSE
	EndGlobalSection
	GlobalSection(ExtensibilityGlobals) = postSolution
		SolutionGuid = {49D24A1B-2220-4DB6-B5F4-27C6FA233EE8}
	EndGlobalSection
EndGlobal
